
Microsoft Visual Studio Solution File, Format Version 12.00
# Visual Studio Version 16
VisualStudioVersion = 16.0.31613.86
MinimumVisualStudioVersion = 10.0.40219.1
Project("{FAE04EC0-301F-11D3-BF4B-00C04F79EFBC}") = "PrintGrade", "PrintGrade.csproj", "{16C9A0FE-95C2-44BE-9AF6-143F55D08CE3}"
EndProject
Global
	GlobalSection(SolutionConfigurationPlatforms) = preSolution
		Debug|Any CPU = Debug|Any CPU
		Release|Any CPU = Release|Any CPU
	EndGlobalSection
	GlobalSection(ProjectConfigurationPlatforms) = postSolution
		{16C9A0FE-95C2-44BE-9AF6-143F55D08CE3}.Debug|Any CPU.ActiveCfg = Debug|Any CPU
		{16C9A0FE-95C2-44BE-9AF6-143F55D08CE3}.Debug|Any CPU.Build.0 = Debug|Any CPU
		{16C9A0FE-95C2-44BE-9AF6-143F55D08CE3}.Release|Any CPU.ActiveCfg = Release|Any CPU
		{16C9A0FE-95C2-44BE-9AF6-143F55D08CE3}.Release|Any CPU.Build.0 = Release|Any CPU
	EndGlobalSection
	GlobalSection(SolutionProperties) = preSolution
		HideSolutionNode = FALSE
	EndGlobalSection
	GlobalSection(ExtensibilityGlobals) = postSolution
		SolutionGuid = {9240BE05-4635-43B1-9CF1-E8362CB01D8B}
	EndGlobalSection
EndGlobal
